
Microsoft Visual Studio Solution File, Format Version 12.00
# Visual Studio 15
VisualStudioVersion = 15.0.27130.2024
MinimumVisualStudioVersion = 10.0.40219.1
Project("{FAE04EC0-301F-11D3-BF4B-00C04F79EFBC}") = "2048", "2048\2048.csproj", "{2DFC13F8-2BA6-408E-B550-ED3BD5F0BD2F}"
EndProject
Global
	GlobalSection(SolutionConfigurationPlatforms) = preSolution
		Debug|Any CPU = Debug|Any CPU
		Release|Any CPU = Release|Any CPU
	EndGlobalSection
	GlobalSection(ProjectConfigurationPlatforms) = postSolution
		{2DFC13F8-2BA6-408E-B550-ED3BD5F0BD2F}.Debug|Any CPU.ActiveCfg = Debug|Any CPU
		{2DFC13F8-2BA6-408E-B550-ED3BD5F0BD2F}.Debug|Any CPU.Build.0 = Debug|Any CPU
		{2DFC13F8-2BA6-408E-B550-ED3BD5F0BD2F}.Release|Any CPU.ActiveCfg = Release|Any CPU
		{2DFC13F8-2BA6-408E-B550-ED3BD5F0BD2F}.Release|Any CPU.Build.0 = Release|Any CPU
	EndGlobalSection
	GlobalSection(SolutionProperties) = preSolution
		HideSolutionNode = FALSE
	EndGlobalSection
	GlobalSection(ExtensibilityGlobals) = postSolution
		SolutionGuid = {0DD4203D-7CBC-4CD9-9A78-3A9A15653F4F}
	EndGlobalSection
EndGlobal
